<Solution>
  <Folder Name="/.github/" />
  <Folder Name="/.github/workflows/">
    <File Path=".github/workflows/build.yml" />
    <File Path=".github/workflows/release.yml" />
  </Folder>
  <Folder Name="/src/">
    <Project Path="src/Asserty/Asserty.csproj" />
  </Folder>
  <Folder Name="/tests/">
    <Project Path="tests/Asserty.Tests/Asserty.Tests.csproj" />
  </Folder>
  <Folder Name="/tools/">
    <File Path="tools/Build.cs" />
  </Folder>
  <Folder Name="/_/">
    <File Path=".gitignore" />
    <File Path="build.ps1" />
    <File Path="LICENSE" />
    <File Path="README.md" />
  </Folder>
</Solution>
